<?xml version="1.0" encoding="utf-8"?>
<Project ToolsVersion="4.0" xmlns:atg="http://atg.xbox.com" xmlns="http://schemas.microsoft.com/developer/msbuild/2003">
  <ItemGroup>
    <Filter Include="Assets">
      <UniqueIdentifier>{ed0b04a6-fecd-4a2c-a462-59a8f4639f36}</UniqueIdentifier>
    </Filter>
    <Filter Include="Resource Files">
      <UniqueIdentifier>{8e114980-c1a3-4ada-ad7c-83caadf5daeb}</UniqueIdentifier>
      <Extensions>rc;ico;cur;bmp;dlg;rc2;rct;bin;rgs;gif;jpg;jpeg;jpe</Extensions>
    </Filter>
    <Filter Include="Assets\modelData">
      <UniqueIdentifier>{06086914-6aa4-4cad-9b07-6f9d357f04df}</UniqueIdentifier>
    </Filter>
    <Filter Include="Assets\sprite">
      <UniqueIdentifier>{a6ce300a-b532-440d-b914-b4661d3015ad}</UniqueIdentifier>
    </Filter>
    <Filter Include="Assets\effect">
      <UniqueIdentifier>{978cb570-bf5d-4255-aa8a-12c071994e1f}</UniqueIdentifier>
    </Filter>
    <Filter Include="Assets\effect\Texture">
      <UniqueIdentifier>{018bd96a-dd5e-4e9d-873b-3f82ec98c126}</UniqueIdentifier>
    </Filter>
    <Filter Include="Assets\modelData\Hand">
      <UniqueIdentifier>{86999868-5a6b-4773-bc03-fce9419b7821}</UniqueIdentifier>
    </Filter>
    <Filter Include="Assets\sprite\Phaikei">
      <UniqueIdentifier>{8b6e978f-e8bb-4908-bb07-5e604fd04ca0}</UniqueIdentifier>
    </Filter>
    <Filter Include="Assets\modelData\KaraageS">
      <UniqueIdentifier>{365ebbbc-8730-4a06-b530-b57d9c63c258}</UniqueIdentifier>
    </Filter>
    <Filter Include="Assets\modelData\Poteto">
      <UniqueIdentifier>{36deac88-baae-41a5-a41f-90c030dc9a5a}</UniqueIdentifier>
    </Filter>
    <Filter Include="Assets\modelData\icePote">
      <UniqueIdentifier>{fb606e43-d10f-4b75-acce-bac5112aba4c}</UniqueIdentifier>
    </Filter>
    <Filter Include="Assets\modelData\MoritukeS">
      <UniqueIdentifier>{d35d2305-44de-4101-b060-c130915a94f6}</UniqueIdentifier>
    </Filter>
    <Filter Include="Assets\modelData\dorinkuba">
      <UniqueIdentifier>{cdaff80a-a40c-4d2c-bea0-f1d9ee714ca3}</UniqueIdentifier>
    </Filter>
  </ItemGroup>
  <ItemGroup>
    <ClCompile Include="main.cpp" />
    <ClCompile Include="stdafx.cpp" />
    <ClCompile Include="Game.cpp" />
    <ClCompile Include="Title.cpp" />
    <ClCompile Include="ProgressBar.cpp" />
    <ClCompile Include="Player.cpp" />
    <ClCompile Include="Camera.cpp" />
    <ClCompile Include="SceneKaraage.cpp" />
    <ClCompile Include="ScenePoteto.cpp" />
    <ClCompile Include="SceneDrink.cpp" />
    <ClCompile Include="SceneMorituke.cpp" />
    <ClCompile Include="SceneAraimono.cpp" />
    <ClCompile Include="SceneKaikei.cpp" />
  </ItemGroup>
  <ItemGroup>
    <CLInclude Include="resource.h">
      <Filter>Resource Files</Filter>
    </CLInclude>
    <ClInclude Include="stdafx.h" />
    <ClInclude Include="Game.h" />
    <ClInclude Include="Title.h" />
    <ClInclude Include="ProgressBar.h" />
    <ClInclude Include="Player.h" />
    <ClInclude Include="Camera.h" />
    <ClInclude Include="SceneKaraage.h" />
    <ClInclude Include="ScenePoteto.h" />
    <ClInclude Include="SceneDrink.h" />
    <ClInclude Include="SceneMorituke.h" />
    <ClInclude Include="SceneAraimono.h" />
    <ClInclude Include="SceneKaikei.h" />
  </ItemGroup>
  <ItemGroup>
    <ResourceCompile Include="Game.rc">
      <Filter>Resource Files</Filter>
    </ResourceCompile>
  </ItemGroup>
  <ItemGroup>
    <MeshContentTask Include="Assets\modelData\unityChan.fbx">
      <Filter>Assets\modelData</Filter>
    </MeshContentTask>
    <MeshContentTask Include="Assets\modelData\Hand\RHand.fbx">
      <Filter>Assets\modelData\Hand</Filter>
    </MeshContentTask>
    <MeshContentTask Include="Assets\modelData\Hand\LHand.fbx">
      <Filter>Assets\modelData\Hand</Filter>
    </MeshContentTask>
    <MeshContentTask Include="Assets\modelData\KaraageS\Kansei.FBX">
      <Filter>Assets\modelData\KaraageS</Filter>
    </MeshContentTask>
    <MeshContentTask Include="Assets\modelData\KaraageS\Nama.FBX">
      <Filter>Assets\modelData\KaraageS</Filter>
    </MeshContentTask>
    <MeshContentTask Include="Assets\modelData\KaraageS\sara.FBX">
      <Filter>Assets\modelData\KaraageS</Filter>
    </MeshContentTask>
    <MeshContentTask Include="Assets\modelData\tongs.FBX">
      <Filter>Assets\modelData</Filter>
    </MeshContentTask>
    <MeshContentTask Include="Assets\modelData\Poteto\flyer.FBX">
      <Filter>Assets\modelData\Poteto</Filter>
    </MeshContentTask>
    <MeshContentTask Include="Assets\modelData\Poteto\poteto.FBX">
      <Filter>Assets\modelData\Poteto</Filter>
    </MeshContentTask>
    <MeshContentTask Include="Assets\modelData\Poteto\huraiya-2.FBX">
      <Filter>Assets\modelData\Poteto</Filter>
    </MeshContentTask>
    <MeshContentTask Include="Assets\modelData\Poteto\huraiya-3.FBX">
      <Filter>Assets\modelData\Poteto</Filter>
    </MeshContentTask>
    <MeshContentTask Include="Assets\modelData\Poteto\huraiya-4.FBX">
      <Filter>Assets\modelData\Poteto</Filter>
    </MeshContentTask>
    <MeshContentTask Include="Assets\modelData\icePote\Poteto1.FBX">
      <Filter>Assets\modelData\icePote</Filter>
    </MeshContentTask>
    <MeshContentTask Include="Assets\modelData\MoritukeS\kyabetu2.FBX">
      <Filter>Assets\modelData\MoritukeS</Filter>
    </MeshContentTask>
    <MeshContentTask Include="Assets\modelData\MoritukeS\houtyou.FBX">
      <Filter>Assets\modelData\MoritukeS</Filter>
    </MeshContentTask>
    <MeshContentTask Include="Assets\modelData\dorinkuba\dorinkuba4.fbx">
      <Filter>Assets\modelData\dorinkuba</Filter>
    </MeshContentTask>
    <MeshContentTask Include="Assets\modelData\dorinkuba\dorinkuba3.fbx">
      <Filter>Assets\modelData\dorinkuba</Filter>
    </MeshContentTask>
    <MeshContentTask Include="Assets\modelData\dorinkuba\dorinkuba.FBX">
      <Filter>Assets\modelData\dorinkuba</Filter>
    </MeshContentTask>
    <MeshContentTask Include="Assets\modelData\dorinkuba\dorinkuba2.fbx">
      <Filter>Assets\modelData\dorinkuba</Filter>
    </MeshContentTask>
    <MeshContentTask Include="Assets\modelData\hito1.FBX">
      <Filter>Assets\modelData</Filter>
    </MeshContentTask>
  </ItemGroup>
  <ItemGroup>
    <ImageContentTask Include="Assets\sprite\dummy.png">
      <Filter>Assets\sprite</Filter>
    </ImageContentTask>
    <ImageContentTask Include="Assets\sprite\sneak-kill.png">
      <Filter>Assets\sprite</Filter>
    </ImageContentTask>
    <ImageContentTask Include="Assets\sprite\Phaikei.png">
      <Filter>Assets\sprite</Filter>
    </ImageContentTask>
    <ImageContentTask Include="Assets\sprite\赤.png">
      <Filter>Assets\sprite</Filter>
    </ImageContentTask>
    <ImageContentTask Include="Assets\sprite\悲しみ.jpg">
      <Filter>Assets\sprite</Filter>
    </ImageContentTask>
    <ImageContentTask Include="Assets\sprite\Phaikei\Araimono.png">
      <Filter>Assets\sprite\Phaikei</Filter>
    </ImageContentTask>
    <ImageContentTask Include="Assets\sprite\Phaikei\Drink.png">
      <Filter>Assets\sprite\Phaikei</Filter>
    </ImageContentTask>
    <ImageContentTask Include="Assets\sprite\Phaikei\Kaikei.png">
      <Filter>Assets\sprite\Phaikei</Filter>
    </ImageContentTask>
    <ImageContentTask Include="Assets\sprite\Phaikei\karaage.png">
      <Filter>Assets\sprite\Phaikei</Filter>
    </ImageContentTask>
    <ImageContentTask Include="Assets\sprite\Phaikei\Morituke.png">
      <Filter>Assets\sprite\Phaikei</Filter>
    </ImageContentTask>
    <ImageContentTask Include="Assets\sprite\Phaikei\Poteto.png">
      <Filter>Assets\sprite\Phaikei</Filter>
    </ImageContentTask>
    <ImageContentTask Include="Assets\sprite\hpmp_bar.png">
      <Filter>Assets\sprite</Filter>
    </ImageContentTask>
    <ImageContentTask Include="Assets\sprite\Phaikei\Abura.png">
      <Filter>Assets\sprite\Phaikei</Filter>
    </ImageContentTask>
    <ImageContentTask Include="Assets\sprite\Phaikei\Cutkyabetu.png">
      <Filter>Assets\sprite\Phaikei</Filter>
    </ImageContentTask>
    <ImageContentTask Include="Assets\sprite\Phaikei\Karaageheikei.png">
      <Filter>Assets\sprite\Phaikei</Filter>
    </ImageContentTask>
    <ImageContentTask Include="Assets\sprite\Phaikei\Manaita.png">
      <Filter>Assets\sprite\Phaikei</Filter>
    </ImageContentTask>
    <ImageContentTask Include="Assets\sprite\Phaikei\moritukehaikei.png">
      <Filter>Assets\sprite\Phaikei</Filter>
    </ImageContentTask>
    <ImageContentTask Include="Assets\sprite\Phaikei\DrinkHaikei.png">
      <Filter>Assets\sprite\Phaikei</Filter>
    </ImageContentTask>
    <ImageContentTask Include="Assets\sprite\Phaikei\Dirt.jpg">
      <Filter>Assets\sprite\Phaikei</Filter>
    </ImageContentTask>
    <ImageContentTask Include="Assets\sprite\Phaikei\AraimonoHaikei.jpg">
      <Filter>Assets\sprite\Phaikei</Filter>
    </ImageContentTask>
    <ImageContentTask Include="Assets\sprite\Phaikei\PotetoHaikei.png">
      <Filter>Assets\sprite\Phaikei</Filter>
    </ImageContentTask>
  </ItemGroup>
  <ItemGroup>
    <CustomBuild Include="Assets\effect\Bon.efk">
      <Filter>Assets\effect</Filter>
    </CustomBuild>
    <CustomBuild Include="Assets\effect\Texture\Wind01.png">
      <Filter>Assets\effect\Texture</Filter>
    </CustomBuild>
    <CustomBuild Include="Assets\effect\Texture\actionlines.png">
      <Filter>Assets\effect\Texture</Filter>
    </CustomBuild>
    <CustomBuild Include="Assets\effect\Texture\aurora01.png">
      <Filter>Assets\effect\Texture</Filter>
    </CustomBuild>
    <CustomBuild Include="Assets\effect\Texture\burst02_red.png">
      <Filter>Assets\effect\Texture</Filter>
    </CustomBuild>
    <CustomBuild Include="Assets\effect\Texture\clockHand.png">
      <Filter>Assets\effect\Texture</Filter>
    </CustomBuild>
    <CustomBuild Include="Assets\effect\Texture\double-shockwave.png">
      <Filter>Assets\effect\Texture</Filter>
    </CustomBuild>
    <CustomBuild Include="Assets\effect\Texture\drillshi.png">
      <Filter>Assets\effect\Texture</Filter>
    </CustomBuild>
    <CustomBuild Include="Assets\effect\Texture\eggzero.png">
      <Filter>Assets\effect\Texture</Filter>
    </CustomBuild>
    <CustomBuild Include="Assets\effect\Texture\fire_tex.png">
      <Filter>Assets\effect\Texture</Filter>
    </CustomBuild>
    <CustomBuild Include="Assets\effect\Texture\glow.png">
      <Filter>Assets\effect\Texture</Filter>
    </CustomBuild>
    <CustomBuild Include="Assets\effect\Texture\LaserMain02.png">
      <Filter>Assets\effect\Texture</Filter>
    </CustomBuild>
    <CustomBuild Include="Assets\effect\Texture\orb_colored.png">
      <Filter>Assets\effect\Texture</Filter>
    </CustomBuild>
    <CustomBuild Include="Assets\effect\Texture\Particle01.png">
      <Filter>Assets\effect\Texture</Filter>
    </CustomBuild>
    <CustomBuild Include="Assets\effect\Texture\ribbon01_trans.png">
      <Filter>Assets\effect\Texture</Filter>
    </CustomBuild>
    <CustomBuild Include="Assets\effect\Texture\Shock_wave_ring001.png">
      <Filter>Assets\effect\Texture</Filter>
    </CustomBuild>
    <CustomBuild Include="Assets\effect\Texture\Shock_wave_ring001_long.png">
      <Filter>Assets\effect\Texture</Filter>
    </CustomBuild>
    <CustomBuild Include="Assets\effect\Texture\Shock_wave_ring002.png">
      <Filter>Assets\effect\Texture</Filter>
    </CustomBuild>
    <CustomBuild Include="Assets\effect\Texture\Shock_wave004.png">
      <Filter>Assets\effect\Texture</Filter>
    </CustomBuild>
    <CustomBuild Include="Assets\effect\Texture\smoke_tex.png">
      <Filter>Assets\effect\Texture</Filter>
    </CustomBuild>
    <CustomBuild Include="Assets\effect\Texture\squareWave.png">
      <Filter>Assets\effect\Texture</Filter>
    </CustomBuild>
    <CustomBuild Include="Assets\effect\Texture\squareWave03_192.png">
      <Filter>Assets\effect\Texture</Filter>
    </CustomBuild>
    <CustomBuild Include="Assets\effect\Texture\squareWave03_384.png">
      <Filter>Assets\effect\Texture</Filter>
    </CustomBuild>
    <CustomBuild Include="Assets\effect\Texture\starpart.PNG">
      <Filter>Assets\effect\Texture</Filter>
    </CustomBuild>
    <CustomBuild Include="Assets\effect\Texture\Thunder01.png">
      <Filter>Assets\effect\Texture</Filter>
    </CustomBuild>
    <CustomBuild Include="Assets\effect\Poteto.efk">
      <Filter>Assets\effect</Filter>
    </CustomBuild>
  </ItemGroup>
</Project>